version: 7
platforms:
- name: osx-64
  virtual-packages:
  - __unix=0=0
  - __osx=13.0
  - __archspec=0=x86_64
environments:
  default:
    channels:
    - url: https://conda.anaconda.org/conda-forge/
    packages:
      osx-64:
      - conda: https://conda.anaconda.org/conda-forge/noarch/ca-certificates-2026.7.22-hbd8a1cb_0.conda
      - conda: https://conda.anaconda.org/conda-forge/noarch/colorama-0.4.6-pyhd8ed1ab_1.conda
      - conda: https://conda.anaconda.org/conda-forge/noarch/python_abi-3.14-8_cp314t.conda
      - conda: https://conda.anaconda.org/conda-forge/noarch/qrcode-8.2-pyhd8ed1ab_0.conda
      - conda: https://conda.anaconda.org/conda-forge/noarch/tzdata-2026c-h151e31d_0.conda
      - conda: https://conda.anaconda.org/conda-forge/osx-64/bzip2-1.0.8-h374f1ed_10.conda
      - conda: https://conda.anaconda.org/conda-forge/osx-64/dart-sass-1.102.0-h8822bef_0.conda
      - conda: https://conda.anaconda.org/conda-forge/osx-64/deno-2.4.5-h42a321a_0.conda
      - conda: https://conda.anaconda.org/conda-forge/osx-64/deno-dom-0.1.41-h51332c3_0.conda
      - conda: https://conda.anaconda.org/conda-forge/osx-64/esbuild-0.28.1-h5839d16_0.conda
      - conda: https://conda.anaconda.org/conda-forge/osx-64/lcms2-2.19.1-h5ea7634_1.conda
      - conda: https://conda.anaconda.org/conda-forge/osx-64/lerc-4.2.0-h35c7297_0.conda
      - conda: https://conda.anaconda.org/conda-forge/osx-64/libcxx-22.1.8-h19cb2f5_0.conda
      - conda: https://conda.anaconda.org/conda-forge/osx-64/libdeflate-1.25-h7ad9622_1.conda
      - conda: https://conda.anaconda.org/conda-forge/osx-64/libexpat-2.8.1-hcc62823_1.conda
      - conda: https://conda.anaconda.org/conda-forge/osx-64/libffi-3.7.0-h8c408c4_0.conda
      - conda: https://conda.anaconda.org/conda-forge/osx-64/libfreetype-2.14.3-h694c41f_2.conda
      - conda: https://conda.anaconda.org/conda-forge/osx-64/libfreetype6-2.14.3-h8afe040_2.conda
      - conda: https://conda.anaconda.org/conda-forge/osx-64/libjpeg-turbo-3.2.0-ha1e9b39_1.conda
      - conda: https://conda.anaconda.org/conda-forge/osx-64/liblzma-5.8.3-hbb4bfdb_1.conda
      - conda: https://conda.anaconda.org/conda-forge/osx-64/libmpdec-4.0.0-ha1e9b39_2.conda
      - conda: https://conda.anaconda.org/conda-forge/osx-64/libpng-1.6.58-h4382c61_1.conda
      - conda: https://conda.anaconda.org/conda-forge/osx-64/libsqlite-3.53.4-h77d7759_0.conda
      - conda: https://conda.anaconda.org/conda-forge/osx-64/libtiff-4.7.2-h95d6d7f_0.conda
      - conda: https://conda.anaconda.org/conda-forge/osx-64/libwebp-base-1.6.0-hb276fe9_1.conda
      - conda: https://conda.anaconda.org/conda-forge/osx-64/libxcb-1.17.0-hf1f96e2_0.conda
      - conda: https://conda.anaconda.org/conda-forge/osx-64/libzlib-1.3.2-hbb4bfdb_3.conda
      - conda: https://conda.anaconda.org/conda-forge/osx-64/ncurses-6.6-hcc0dc9a_1.conda
      - conda: https://conda.anaconda.org/conda-forge/osx-64/openjpeg-2.5.4-h52bb76a_0.conda
      - conda: https://conda.anaconda.org/conda-forge/osx-64/openssl-3.6.3-hc881268_1.conda
      - conda: https://conda.anaconda.org/conda-forge/osx-64/pandoc-3.8.3-h694c41f_0.conda
      - conda: https://conda.anaconda.org/conda-forge/osx-64/pillow-12.3.0-py314ha8c422d_0.conda
      - conda: https://conda.anaconda.org/conda-forge/osx-64/pthread-stubs-0.4-ha1e9b39_1003.conda
      - conda: https://conda.anaconda.org/conda-forge/osx-64/python-3.14.6-hcb74d6f_2_cp314t.conda
      - conda: https://conda.anaconda.org/conda-forge/osx-64/quarto-1.9.38-h7a197ef_0.conda
      - conda: https://conda.anaconda.org/conda-forge/osx-64/readline-8.3-h68b038d_0.conda
      - conda: https://conda.anaconda.org/conda-forge/osx-64/tk-8.6.13-hb794df6_3.conda
      - conda: https://conda.anaconda.org/conda-forge/osx-64/typst-0.14.2-h121f529_0.conda
      - conda: https://conda.anaconda.org/conda-forge/osx-64/xorg-libxau-1.0.12-ha1e9b39_2.conda
      - conda: https://conda.anaconda.org/conda-forge/osx-64/xorg-libxdmcp-1.1.5-ha1e9b39_2.conda
      - conda: https://conda.anaconda.org/conda-forge/osx-64/zlib-ng-2.3.3-h8bce59a_1.conda
      - conda: https://conda.anaconda.org/conda-forge/osx-64/zstd-1.5.7-hbc1a06c_7.conda
packages:
- conda: https://conda.anaconda.org/conda-forge/noarch/ca-certificates-2026.7.22-hbd8a1cb_0.conda
  sha256: 0a0544cf95f64394fe4959286f5c71f5444ad58feb0602e53becb27448d24da6
  md5: 0f51e2391ade309db462a55611263e9c
  depends:
  - __unix
  license: ISC
  run_exports: {}
  size: 131780
  timestamp: 1784754889428
- conda: https://conda.anaconda.org/conda-forge/noarch/colorama-0.4.6-pyhd8ed1ab_1.conda
  sha256: ab29d57dc70786c1269633ba3dff20288b81664d3ff8d21af995742e2bb03287
  md5: 962b9857ee8e7018c22f2776ffa0b2d7
  depends:
  - python >=3.9
  license: BSD-3-Clause
  license_family: BSD
  run_exports: {}
  size: 27011
  timestamp: 1733218222191
- conda: https://conda.anaconda.org/conda-forge/noarch/python_abi-3.14-8_cp314t.conda
  build_number: 8
  sha256: d9ed2538fba61265a330ee1b1afe99a4bb23ace706172b9464546c7e01259d63
  md5: 3251796e09870c978e0f69fa05e38fb6
  constrains:
  - python 3.14.* *_cp314t
  license: BSD-3-Clause
  license_family: BSD
  run_exports: {}
  size: 7020
  timestamp: 1752805919426
- conda: https://conda.anaconda.org/conda-forge/noarch/qrcode-8.2-pyhd8ed1ab_0.conda
  sha256: 06d36c560c9fad54d241c3c3904fc32b704992674d621de19e4bbd6f0eaa761b
  md5: f720b5182a5ae92b0d2f2ae210231ac4
  depends:
  - colorama
  - python >=3.9.0,<4.0.0
  constrains:
  - pillow >=9.1.0
  license: BSD-3-Clause
  license_family: BSD
  run_exports: {}
  size: 43600
  timestamp: 1746215092815
- conda: https://conda.anaconda.org/conda-forge/noarch/tzdata-2026c-h151e31d_0.conda
  sha256: b928c30ddcb0e3f544c6eade8352737e6e610e263276b90232db6a578ef899d8
  md5: fcb489df604d100968b737f2cb6076c6
  license: LicenseRef-Public-Domain
  run_exports: {}
  size: 118849
  timestamp: 1784250406640
- conda: https://conda.anaconda.org/conda-forge/osx-64/bzip2-1.0.8-h374f1ed_10.conda
  sha256: 4ed83961876dc8844a6f0df49c07b408efbaea275ffb0b37133e24c006990b3a
  md5: 9d9a39212a876e4bb751c1cc3927b678
  depends:
  - __osx >=11.0
  license: bzip2-1.0.6
  license_family: BSD
  run_exports:
    weak:
    - bzip2 >=1.0.8,<2.0a0
  size: 133271
  timestamp: 1785906721507
- conda: https://conda.anaconda.org/conda-forge/osx-64/dart-sass-1.102.0-h8822bef_0.conda
  sha256: 43002eebdcd2414cec8315394b252378b6ad9d1aee999cd1c19200559338c0f6
  md5: 42e29b84ad60aebae0855e72fc72cc88
  license: MIT
  license_family: MIT
  run_exports: {}
  size: 3965206
  timestamp: 1784947225503
- conda: https://conda.anaconda.org/conda-forge/osx-64/deno-2.4.5-h42a321a_0.conda
  sha256: 52d3c281e014a58fa3d6c9bb430603477e1a636b876cbbe388a8d01a73a854b3
  md5: ed3eae30aa44dd510ac2474c15795a6b
  depends:
  - __osx >=11.0
  - libzlib >=1.3.2,<2.0a0
  constrains:
  - __osx >=10.13
  license: MIT
  license_family: MIT
  run_exports: {}
  size: 36820774
  timestamp: 1776774881799
- conda: https://conda.anaconda.org/conda-forge/osx-64/deno-dom-0.1.41-h51332c3_0.conda
  sha256: b7d8621033ac310f40e083ee1157db9aaa178b7355dbd74be54ca1f0f4b517ce
  md5: 6f8f4a8487f87f13e0c43b15ee9b1541
  depends:
  - __osx >=10.13
  - deno >=1.24.2
  constrains:
  - __osx >=10.13
  license: MIT
  license_family: MIT
  run_exports: {}
  size: 369080
  timestamp: 1736703484876
- conda: https://conda.anaconda.org/conda-forge/osx-64/esbuild-0.28.1-h5839d16_0.conda
  sha256: bdc9d8713403d9992bb0c74c4b53cb393fa987620a4f4ec181e8bd8dbbce0879
  md5: 501d11c9de218493bf07c97d3136f3bd
  constrains:
  - __osx >=10.12
  license: MIT
  license_family: MIT
  run_exports: {}
  size: 4404706
  timestamp: 1781248898662
- conda: https://conda.anaconda.org/conda-forge/osx-64/lcms2-2.19.1-h5ea7634_1.conda
  sha256: 8bae1207dc7cf0e670ae920a549b1d55486514213ca808b8119067cbad0db43a
  md5: f8c168eefc1f75ada2e2cd8f2e6212f5
  depends:
  - __osx >=11.0
  - libjpeg-turbo >=3.1.4.1,<4.0a0
  - libtiff >=4.7.1,<4.8.0a0
  license: MIT
  license_family: MIT
  run_exports:
    weak:
    - lcms2 >=2.19.1,<3.0a0
  size: 229477
  timestamp: 1780211969520
- conda: https://conda.anaconda.org/conda-forge/osx-64/lerc-4.2.0-h35c7297_0.conda
  sha256: 5ae9e18ec7f8134a009765bd1454687d5057482fbe9a4c661a672746d4a29b0b
  md5: 09e24eb1868a9ffc04130730e7a34a59
  depends:
  - __osx >=11.0
  - libcxx >=19
  license: Apache-2.0
  license_family: Apache
  run_exports:
    weak:
    - lerc >=4.2.0,<5.0a0
  size: 217900
  timestamp: 1785036771895
- conda: https://conda.anaconda.org/conda-forge/osx-64/libcxx-22.1.8-h19cb2f5_0.conda
  sha256: 57ee997f1f800cf38abc743c0f0a9ddfe6a101c697c35510452ce6f4ddf96361
  md5: 0f600157f28fc7bc9549ecafdfa5bc12
  depends:
  - __osx >=11.0
  license: Apache-2.0 WITH LLVM-exception
  license_family: Apache
  run_exports: {}
  size: 566717
  timestamp: 1781672189697
- conda: https://conda.anaconda.org/conda-forge/osx-64/libdeflate-1.25-h7ad9622_1.conda
  sha256: 210ee1d6a5aa201cf6d02b10edd02738cc35a4e8fb0866e4fb425010d6dd2c49
  md5: 371a45a962d740d8191d46dd225e23df
  depends:
  - __osx >=11.0
  license: MIT
  license_family: MIT
  run_exports:
    weak:
    - libdeflate >=1.25,<1.26.0a0
  size: 71148
  timestamp: 1785909042684
- conda: https://conda.anaconda.org/conda-forge/osx-64/libexpat-2.8.1-hcc62823_1.conda
  sha256: 9c96cc05e056e1bba5b545cbbd57b6e01db622dc2c82934caaaa25cfb22fe666
  md5: dcfdea7b7013beef0a4d744d776ea38f
  depends:
  - __osx >=11.0
  constrains:
  - expat 2.8.1.*
  license: MIT
  license_family: MIT
  run_exports: {}
  size: 76020
  timestamp: 1781204303305
- conda: https://conda.anaconda.org/conda-forge/osx-64/libffi-3.7.0-h8c408c4_0.conda
  sha256: 525e9b574d6a62b73ccd4cb616495fccd11e80c7e6f4fd7e97a9dd5804bf4c0e
  md5: b85d1868b8d9af5306443978da2961d6
  depends:
  - __osx >=11.0
  license: MIT
  license_family: MIT
  run_exports:
    weak:
    - libffi >=3.7.0,<3.8.0a0
  size: 61307
  timestamp: 1783521470318
- conda: https://conda.anaconda.org/conda-forge/osx-64/libfreetype-2.14.3-h694c41f_2.conda
  sha256: cabaa404fde84dcf154c3394f7a86cbaa7cff1ce32e3951b0b6aad567c457e3f
  md5: d2538644f6f7f8b9ce10bdffaa7d3d17
  depends:
  - libfreetype6 >=2.14.3
  license: GPL-2.0-only OR FTL
  run_exports: {}
  size: 8384
  timestamp: 1786641705015
- conda: https://conda.anaconda.org/conda-forge/osx-64/libfreetype6-2.14.3-h8afe040_2.conda
  sha256: 9c81d42ca311a1283fb8f79d05dae5659d86cf20f4e5d146a97836456537ccff
  md5: cb777bcdd21bcfcfdaf76ebe1e1e0488
  depends:
  - __osx >=11.0
  - libpng >=1.6.58,<1.7.0a0
  - libzlib >=1.3.2,<2.0a0
  constrains:
  - freetype >=2.14.3
  license: GPL-2.0-only OR FTL
  run_exports: {}
  size: 366001
  timestamp: 1786641701324
- conda: https://conda.anaconda.org/conda-forge/osx-64/libjpeg-turbo-3.2.0-ha1e9b39_1.conda
  sha256: 0792824360a9e59802c9464157c1098c3d84330dcab5dbde762abaca16f580a8
  md5: c864512172ac7b820637f6731287936c
  depends:
  - __osx >=11.0
  constrains:
  - jpeg <0.0.0a
  license: IJG AND BSD-3-Clause AND Zlib
  run_exports:
    weak:
    - libjpeg-turbo >=3.2.0,<4.0a0
  size: 614315
  timestamp: 1785896908505
- conda: https://conda.anaconda.org/conda-forge/osx-64/liblzma-5.8.3-hbb4bfdb_1.conda
  sha256: 7915dac7c71c208e40e716e2f6d3eff41a8d5584e0e7c2d46f9bf9bd5f9aa739
  md5: daf49067580fbfeae3ac7f9535400494
  depends:
  - __osx >=11.0
  constrains:
  - xz 5.8.3.*
  license: 0BSD
  run_exports:
    weak:
    - liblzma >=5.8.3,<6.0a0
  size: 104919
  timestamp: 1786349094608
- conda: https://conda.anaconda.org/conda-forge/osx-64/libmpdec-4.0.0-ha1e9b39_2.conda
  sha256: 6438d0ef76e81f2b75ad7599685a525407c1d9fb2d6a7c18f360614ae6807970
  md5: b10a43915a31193e06b2781b9d11aec3
  depends:
  - __osx >=11.0
  license: BSD-2-Clause
  run_exports: {}
  size: 79639
  timestamp: 1786651070313
- conda: https://conda.anaconda.org/conda-forge/osx-64/libpng-1.6.58-h4382c61_1.conda
  sha256: 4677159f77da07eba37618f2e0c9887233dacf5e23290bb6d978732d0f5f896d
  md5: b6dffe1cdca2c15b07e359e54207d08b
  depends:
  - __osx >=11.0
  - libzlib >=1.3.2,<2.0a0
  license: zlib-acknowledgement
  run_exports:
    weak:
    - libpng >=1.6.58,<1.7.0a0
  size: 298934
  timestamp: 1786616669239
- conda: https://conda.anaconda.org/conda-forge/osx-64/libsqlite-3.53.4-h77d7759_0.conda
  sha256: 5725d44a17d196adba9798a5fd9f692b7039a827cd6145556a072a80e1931c49
  md5: 993009426e1d3aa90eed155171bd59d8
  depends:
  - __osx >=11.0
  - libzlib >=1.3.2,<2.0a0
  license: blessing
  run_exports:
    weak:
    - libsqlite >=3.53.4,<4.0a0
  size: 1008531
  timestamp: 1785016345740
- conda: https://conda.anaconda.org/conda-forge/osx-64/libtiff-4.7.2-h95d6d7f_0.conda
  sha256: 8e43d2a3538f45848c61cdda4baa6728ce0a48bc665b306de5a31dd3464a30c1
  md5: c92fd887c114aac4612bfc14b1516776
  depends:
  - __osx >=11.0
  - lerc >=4.1.0,<5.0a0
  - libcxx >=19
  - libdeflate >=1.25,<1.26.0a0
  - libjpeg-turbo >=3.1.4.1,<4.0a0
  - liblzma >=5.8.3,<6.0a0
  - libwebp-base >=1.6.0,<2.0a0
  - libzlib >=1.3.2,<2.0a0
  - zstd >=1.5.7,<1.6.0a0
  license: HPND
  run_exports:
    weak:
    - libtiff >=4.7.2,<4.8.0a0
  size: 418681
  timestamp: 1783085828393
- conda: https://conda.anaconda.org/conda-forge/osx-64/libwebp-base-1.6.0-hb276fe9_1.conda
  sha256: 96263e9134164b6ca015a8cfba3a4cac9ca2429ddfebd25c120817fa608d2fdc
  md5: abc3595bd7aab5df201b76ecef123583
  depends:
  - __osx >=11.0
  constrains:
  - libwebp 1.6.0
  license: BSD-3-Clause
  license_family: BSD
  run_exports:
    weak:
    - libwebp-base >=1.6.0,<2.0a0
  size: 364823
  timestamp: 1785954881871
- conda: https://conda.anaconda.org/conda-forge/osx-64/libxcb-1.17.0-hf1f96e2_0.conda
  sha256: 8896cd5deff6f57d102734f3e672bc17120613647288f9122bec69098e839af7
  md5: bbeca862892e2898bdb45792a61c4afc
  depends:
  - __osx >=10.13
  - pthread-stubs
  - xorg-libxau >=1.0.11,<2.0a0
  - xorg-libxdmcp
  license: MIT
  license_family: MIT
  run_exports:
    weak:
    - libxcb >=1.17.0,<2.0a0
  size: 323770
  timestamp: 1727278927545
- conda: https://conda.anaconda.org/conda-forge/osx-64/libzlib-1.3.2-hbb4bfdb_3.conda
  sha256: b2dba286dd6632292b12296e761193b5ef9fb0eaeecaa481f5ba9af72c0c18e1
  md5: 7d3fa28263bb7f8ea32db11f570a5bb6
  depends:
  - __osx >=11.0
  constrains:
  - zlib 1.3.2 *_3
  license: Zlib
  license_family: Other
  run_exports:
    weak:
    - libzlib >=1.3.2,<2.0a0
  size: 58993
  timestamp: 1785276808631
- conda: https://conda.anaconda.org/conda-forge/osx-64/ncurses-6.6-hcc0dc9a_1.conda
  sha256: 12c1d676b9a0e8109b576672519312c5428308f3f3d7706f8717e2f536d5d9e7
  md5: 88a79390f87c8f3334b9999a892e78d4
  depends:
  - __osx >=11.0
  license: X11 AND BSD-3-Clause
  run_exports:
    weak:
    - ncurses >=6.6,<7.0a0
  size: 834865
  timestamp: 1786356957789
- conda: https://conda.anaconda.org/conda-forge/osx-64/openjpeg-2.5.4-h52bb76a_0.conda
  sha256: 9a37ecf9c086f3a50d0132e6087dcbe7ea978d80e2da267fa3199c486529b311
  md5: 46e628da6e796c948fa8ec9d6d10bda3
  depends:
  - __osx >=11.0
  - libcxx >=19
  - libpng >=1.6.55,<1.7.0a0
  - libtiff >=4.7.1,<4.8.0a0
  - libzlib >=1.3.1,<2.0a0
  license: BSD-2-Clause
  license_family: BSD
  run_exports:
    weak:
    - openjpeg >=2.5.4,<3.0a0
  size: 335227
  timestamp: 1772625294157
- conda: https://conda.anaconda.org/conda-forge/osx-64/openssl-3.6.3-hc881268_1.conda
  sha256: d43abd09a455847108fc821e81cf4e36dba31755263a1313b6f1b538ac218998
  md5: da403ed66c373b5fb25266b4be662327
  depends:
  - __osx >=11.0
  - ca-certificates
  license: Apache-2.0
  license_family: Apache
  run_exports:
    weak:
    - openssl >=3.6.3,<4.0a0
  size: 2773506
  timestamp: 1785915436200
- conda: https://conda.anaconda.org/conda-forge/osx-64/pandoc-3.8.3-h694c41f_0.conda
  sha256: 763c07427762e3e1d524c4e4e7343225de6af2be432d1136a0fa26b863450c9e
  md5: ea4f844424717e24a69c05f16ff30ffa
  license: GPL-2.0-or-later
  license_family: GPL
  run_exports: {}
  size: 16948053
  timestamp: 1764589819568
- conda: https://conda.anaconda.org/conda-forge/osx-64/pillow-12.3.0-py314ha8c422d_0.conda
  sha256: 34dea035cb27f28276197dc57503aebfd9b1695e247fa5878f06d8703f97e3a0
  md5: a8e7e726f9399d4f0f42c9b8c5af6518
  depends:
  - python
  - __osx >=11.0
  - lcms2 >=2.19.1,<3.0a0
  - libtiff >=4.7.1,<4.8.0a0
  - zlib-ng >=2.3.3,<2.4.0a0
  - openjpeg >=2.5.4,<3.0a0
  - libwebp-base >=1.6.0,<2.0a0
  - libjpeg-turbo >=3.1.4.1,<4.0a0
  - libfreetype >=2.14.3
  - libfreetype6 >=2.14.3
  - libxcb >=1.17.0,<2.0a0
  - python_abi 3.14.* *_cp314t
  - tk >=8.6.13,<8.7.0a0
  license: HPND
  run_exports: {}
  size: 1033188
  timestamp: 1782912253167
- conda: https://conda.anaconda.org/conda-forge/osx-64/pthread-stubs-0.4-ha1e9b39_1003.conda
  sha256: aab86cc4162d4b42d79e2edb17120bc1b95565571697c6179c95b99d0034a024
  md5: fc28fbb822391f443af7ea8a25e09a7b
  depends:
  - __osx >=11.0
  license: MIT
  license_family: MIT
  run_exports: {}
  size: 9245
  timestamp: 1786067974245
- conda: https://conda.anaconda.org/conda-forge/osx-64/python-3.14.6-hcb74d6f_2_cp314t.conda
  build_number: 2
  sha256: a0cada270aaf53339c1a96f1821a7cb1b4c2e2ad8c73ca5b1fb3aa8d504ae1db
  md5: f054ff498a409bee0867388b3d6ccded
  depends:
  - __osx >=11.0
  - bzip2 >=1.0.8,<2.0a0
  - libexpat >=2.8.1,<3.0a0
  - libffi >=3.7.0,<3.8.0a0
  - liblzma >=5.8.3,<6.0a0
  - libmpdec >=4.0.0,<5.0a0
  - libsqlite >=3.53.4,<4.0a0
  - libzlib >=1.3.2,<2.0a0
  - ncurses >=6.6,<7.0a0
  - openssl >=3.5.7,<4.0a0
  - python_abi 3.14.* *_cp314t
  - readline >=8.3,<9.0a0
  - tk >=8.6.13,<8.7.0a0
  - tzdata
  - zstd >=1.5.7,<1.6.0a0
  track_features:
  - py_freethreading
  license: Python-2.0
  run_exports:
    weak:
    - python_abi 3.14.* *_cp314t
    noarch:
    - python
  size: 16887562
  timestamp: 1786446492675
  python_site_packages_path: lib/python3.14t/site-packages
- conda: https://conda.anaconda.org/conda-forge/osx-64/quarto-1.9.38-h7a197ef_0.conda
  sha256: ae0742bb6fed8a8c5caf2e43c065ac97ee999a2afe9c0befcd2660277e348b31
  md5: 9f35aba63b6a7477612d26326e039760
  depends:
  - __osx >=11.0
  - dart-sass
  - deno >=2.4.5,<2.4.6.0a0
  - deno-dom >=0.1.41,<0.1.42.0a0
  - esbuild
  - pandoc 3.8.3
  - typst 0.14.2
  constrains:
  - __osx >=11.0
  license: MIT
  license_family: MIT
  run_exports: {}
  size: 26370223
  timestamp: 1779790360311
- conda: https://conda.anaconda.org/conda-forge/osx-64/readline-8.3-h68b038d_0.conda
  sha256: 4614af680aa0920e82b953fece85a03007e0719c3399f13d7de64176874b80d5
  md5: eefd65452dfe7cce476a519bece46704
  depends:
  - __osx >=10.13
  - ncurses >=6.5,<7.0a0
  license: GPL-3.0-only
  license_family: GPL
  run_exports:
    weak:
    - readline >=8.3,<9.0a0
  size: 317819
  timestamp: 1765813692798
- conda: https://conda.anaconda.org/conda-forge/osx-64/tk-8.6.13-hb794df6_3.conda
  sha256: 670a364b8285887e5738880bb026f721af2662cfefe9ef64aa9e93eff1981535
  md5: bc699b366e49399bf8e5c6de99bb8cfb
  depends:
  - __osx >=11.0
  - libzlib >=1.3.2,<2.0a0
  license: TCL
  run_exports:
    weak:
    - tk >=8.6.13,<8.7.0a0
  size: 3516600
  timestamp: 1784229134070
- conda: https://conda.anaconda.org/conda-forge/osx-64/typst-0.14.2-h121f529_0.conda
  sha256: 503f26d9ff68ac0e3fd66b5a77263115ece63044dd6c15562b9a5531da4c0a2a
  md5: db9932a780a3cf948c67b4842ecb5a06
  depends:
  - __osx >=10.13
  constrains:
  - __osx >=10.13
  license: Apache-2.0
  license_family: Apache
  run_exports: {}
  size: 15180322
  timestamp: 1765697711050
- conda: https://conda.anaconda.org/conda-forge/osx-64/xorg-libxau-1.0.12-ha1e9b39_2.conda
  sha256: fe36f1b32e12cbc47a863c7c82c17df42f39291d60d6865a7368391596d88294
  md5: 9fa1bc605df3a591cdf21963c07b6d9a
  depends:
  - __osx >=11.0
  license: MIT
  license_family: MIT
  run_exports:
    weak:
    - xorg-libxau >=1.0.12,<2.0a0
  size: 14809
  timestamp: 1786381402139
- conda: https://conda.anaconda.org/conda-forge/osx-64/xorg-libxdmcp-1.1.5-ha1e9b39_2.conda
  sha256: cd933c34e183044b16fab430a194595da3df96c248d1338e9ae064cb462a5563
  md5: c8ae112f5282f2bd3c2d6eb71aa2db81
  depends:
  - __osx >=11.0
  license: MIT
  license_family: MIT
  run_exports:
    weak:
    - xorg-libxdmcp >=1.1.5,<2.0a0
  size: 19596
  timestamp: 1786381703177
- conda: https://conda.anaconda.org/conda-forge/osx-64/zlib-ng-2.3.3-h8bce59a_1.conda
  sha256: 4a1beb656761c7d8c9a53474bfd3932c30d82af5d93a32b8ef626c01c059d981
  md5: b3ecb6480fd46194e3f7dd0ff4445dff
  depends:
  - __osx >=10.13
  - libcxx >=19
  license: Zlib
  license_family: Other
  run_exports:
    weak:
    - zlib-ng >=2.3.3,<2.4.0a0
  size: 120464
  timestamp: 1770168263684
- conda: https://conda.anaconda.org/conda-forge/osx-64/zstd-1.5.7-hbc1a06c_7.conda
  sha256: 5277886d9704a624dc9b79ac985861e1e431bdb39a57c082507ab577a138ec6c
  md5: c1d11f04327e40537ffe6cad5b131019
  depends:
  - __osx >=11.0
  - libzlib >=1.3.2,<2.0a0
  license: BSD-3-Clause
  license_family: BSD
  run_exports:
    weak:
    - zstd >=1.5.7,<1.6.0a0
  size: 528228
  timestamp: 1786599702092
